{
  "nodes": {
    "nixpkgs": {
      "locked": {
        "lastModified": 1659987637,
        "narHash": "sha256-8l+5QiCkackVPu/F3vX7RCKHyYKxEsq/TKMuaG6UX5k=",
        "owner": "NixOS",
        "repo": "nixpkgs",
        "rev": "a47896bf817e7324471e687fc2bb2312fff682ce",
        "type": "github"
      },
      "original": {
        "id": "nixpkgs",
        "type": "indirect"
      }
    },
    "root": {
      "inputs": {
        "nixpkgs": "nixpkgs"
      }
    }
  },
  "root": "root",
  "version": 7
}
