{
  "nodes": {
    "catppuccin": {
      "locked": {
        "lastModified": 1733001911,
        "narHash": "sha256-uX/9m0TbdhEzuWA0muM5mI/AaWcLiDLjCCyu5Qr9MRk=",
        "owner": "catppuccin",
        "repo": "nix",
        "rev": "a817009ebfd2cca7f70a77884e5098d0a8c83f8e",
        "type": "github"
      },
      "original": {
        "owner": "catppuccin",
        "repo": "nix",
        "type": "github"
      }
    },
    "fix-auto-scroll-nvim": {
      "flake": false,
      "locked": {
        "lastModified": 1700694779,
        "narHash": "sha256-nJdkGwP9L/9Q547PuD0ZZmKvEAxr/59wMXlh8UgTomI=",
        "owner": "BranimirE",
        "repo": "fix-auto-scroll.nvim",
        "rev": "c211a42f4030c9ed03a1456919917cdf1a193bd9",
        "type": "github"
      },
      "original": {
        "owner": "BranimirE",
        "repo": "fix-auto-scroll.nvim",
        "type": "github"
      }
    },
    "flake-parts": {
      "inputs": {
        "nixpkgs-lib": [
          "nixvim",
          "nixpkgs"
        ]
      },
      "locked": {
        "lastModified": 1730504689,
        "narHash": "sha256-hgmguH29K2fvs9szpq2r3pz2/8cJd2LPS+b4tfNFCwE=",
        "owner": "hercules-ci",
        "repo": "flake-parts",
        "rev": "506278e768c2a08bec68eb62932193e341f55c90",
        "type": "github"
      },
      "original": {
        "owner": "hercules-ci",
        "repo": "flake-parts",
        "type": "github"
      }
    },
    "home-manager": {
      "inputs": {
        "nixpkgs": [
          "nixpkgs"
        ]
      },
      "locked": {
        "lastModified": 1732466619,
        "narHash": "sha256-T1e5oceypZu3Q8vzICjv1X/sGs9XfJRMW5OuXHgpB3c=",
        "owner": "nix-community",
        "repo": "home-manager",
        "rev": "f3111f62a23451114433888902a55cf0692b408d",
        "type": "github"
      },
      "original": {
        "owner": "nix-community",
        "ref": "release-24.11",
        "repo": "home-manager",
        "type": "github"
      }
    },
    "mini-nvim": {
      "flake": false,
      "locked": {
        "lastModified": 1729943471,
        "narHash": "sha256-HNcIUpoWUaXdvLQbZNteQiD0hwJhIZikR+RVJFxh6C0=",
        "owner": "stasjok",
        "repo": "mini.nvim",
        "rev": "1850d42b6e8b0f6a5c9b6c14a9be20ea08551e73",
        "type": "github"
      },
      "original": {
        "owner": "stasjok",
        "repo": "mini.nvim",
        "type": "github"
      }
    },
    "neovim": {
      "inputs": {
        "nixpkgs": [
          "nixpkgs"
        ],
        "utils": "utils"
      },
      "locked": {
        "lastModified": 1733070698,
        "narHash": "sha256-3ObKDCslQnVBMHzMrD3gdIoMjk7O68rO2Bp/j6uda9c=",
        "owner": "stasjok",
        "repo": "neovim",
        "rev": "9463ec6f2432f2f29d03ad7fda58df39ba0dfa70",
        "type": "github"
      },
      "original": {
        "owner": "stasjok",
        "ref": "release-0.10-patched",
        "repo": "neovim",
        "type": "github"
      }
    },
    "nixpkgs": {
      "locked": {
        "lastModified": 1732981179,
        "narHash": "sha256-F7thesZPvAMSwjRu0K8uFshTk3ZZSNAsXTIFvXBT+34=",
        "owner": "NixOS",
        "repo": "nixpkgs",
        "rev": "62c435d93bf046a5396f3016472e8f7c8e2aed65",
        "type": "github"
      },
      "original": {
        "owner": "NixOS",
        "ref": "nixos-24.11",
        "repo": "nixpkgs",
        "type": "github"
      }
    },
    "nixvim": {
      "inputs": {
        "devshell": [],
        "flake-compat": [],
        "flake-parts": "flake-parts",
        "git-hooks": [],
        "home-manager": [],
        "nix-darwin": [],
        "nixpkgs": [
          "nixpkgs"
        ],
        "nuschtosSearch": [],
        "treefmt-nix": []
      },
      "locked": {
        "lastModified": 1733005332,
        "narHash": "sha256-sd+YV24AjFfqlx9G8fAf6A3wXORRIDBMk7QtGKF+jLY=",
        "owner": "nix-community",
        "repo": "nixvim",
        "rev": "c500a3ffe18d8e7c7146dce26d7828b3dacd2320",
        "type": "github"
      },
      "original": {
        "owner": "nix-community",
        "ref": "nixos-24.11",
        "repo": "nixvim",
        "type": "github"
      }
    },
    "root": {
      "inputs": {
        "catppuccin": "catppuccin",
        "fix-auto-scroll-nvim": "fix-auto-scroll-nvim",
        "home-manager": "home-manager",
        "mini-nvim": "mini-nvim",
        "neovim": "neovim",
        "nixpkgs": "nixpkgs",
        "nixvim": "nixvim",
        "smart-splits-nvim": "smart-splits-nvim",
        "surround-nvim": "surround-nvim",
        "tree-sitter-jinja2": "tree-sitter-jinja2",
        "vale-at-red-hat": "vale-at-red-hat",
        "vim-mediawiki": "vim-mediawiki",
        "yaml-language-server": "yaml-language-server"
      }
    },
    "smart-splits-nvim": {
      "flake": false,
      "locked": {
        "lastModified": 1708205259,
        "narHash": "sha256-S5I9nQcNGmjqZFn5jQkoG5Oh/mu8oSJpDZpAG07GytA=",
        "owner": "mrjones2014",
        "repo": "smart-splits.nvim",
        "rev": "159c4823e3a11c79bb65fc4b8560320c49f738f4",
        "type": "github"
      },
      "original": {
        "owner": "mrjones2014",
        "repo": "smart-splits.nvim",
        "rev": "159c4823e3a11c79bb65fc4b8560320c49f738f4",
        "type": "github"
      }
    },
    "surround-nvim": {
      "flake": false,
      "locked": {
        "lastModified": 1643684895,
        "narHash": "sha256-XXR/48pbeGwKifYrhtEyMsOCUxejuIla60q0fSYFgTc=",
        "owner": "ur4ltz",
        "repo": "surround.nvim",
        "rev": "549045828bbd9de0746b411a762fa8c382fb10ff",
        "type": "github"
      },
      "original": {
        "owner": "ur4ltz",
        "repo": "surround.nvim",
        "rev": "549045828bbd9de0746b411a762fa8c382fb10ff",
        "type": "github"
      }
    },
    "systems": {
      "locked": {
        "lastModified": 1681028828,
        "narHash": "sha256-Vy1rq5AaRuLzOxct8nz4T6wlgyUR7zLU309k9mBC768=",
        "owner": "nix-systems",
        "repo": "default",
        "rev": "da67096a3b9bf56a91d16901293e51ba5b49a27e",
        "type": "github"
      },
      "original": {
        "owner": "nix-systems",
        "repo": "default",
        "type": "github"
      }
    },
    "tree-sitter-jinja2": {
      "flake": false,
      "locked": {
        "lastModified": 1614858978,
        "narHash": "sha256-LhyWfhtS1M+5m3wVnlHkM7e0yAG+Cfb1iBS1QuslG/c=",
        "owner": "theHamsta",
        "repo": "tree-sitter-jinja2",
        "rev": "3fa73cd4a871bf88e95d61adc8e66e7fb09016a1",
        "type": "github"
      },
      "original": {
        "owner": "theHamsta",
        "repo": "tree-sitter-jinja2",
        "type": "github"
      }
    },
    "utils": {
      "inputs": {
        "systems": "systems"
      },
      "locked": {
        "lastModified": 1726560853,
        "narHash": "sha256-X6rJYSESBVr3hBoH0WbKE5KvhPU5bloyZ2L4K60/fPQ=",
        "owner": "numtide",
        "repo": "flake-utils",
        "rev": "c1dfcf08411b08f6b8615f7d8971a2bfa81d5e8a",
        "type": "github"
      },
      "original": {
        "owner": "numtide",
        "repo": "flake-utils",
        "type": "github"
      }
    },
    "vale-at-red-hat": {
      "flake": false,
      "locked": {
        "lastModified": 1730204652,
        "narHash": "sha256-WNE/4IbzU33hrOFAKd4qsKyrutCyTVxGnW1SsEOiDMY=",
        "owner": "redhat-documentation",
        "repo": "vale-at-red-hat",
        "rev": "5b072373d3eab617934ca9f150f62fc0d63f107e",
        "type": "github"
      },
      "original": {
        "owner": "redhat-documentation",
        "repo": "vale-at-red-hat",
        "type": "github"
      }
    },
    "vim-mediawiki": {
      "flake": false,
      "locked": {
        "lastModified": 1729973244,
        "narHash": "sha256-NjTJURsiC1eZfrCkHFoqJOweflN6rPkdve17LYz0qtE=",
        "owner": "m-pilia",
        "repo": "vim-mediawiki",
        "rev": "39987c3b7b3af25e223454d28dcfa91605eb693a",
        "type": "github"
      },
      "original": {
        "owner": "m-pilia",
        "repo": "vim-mediawiki",
        "type": "github"
      }
    },
    "yaml-language-server": {
      "flake": false,
      "locked": {
        "lastModified": 1699804134,
        "narHash": "sha256-9n6SNxY0RQIW9baBKwpQmjEjM4uKquHNcGTo7Jbo0kM=",
        "owner": "stasjok",
        "repo": "yaml-language-server",
        "rev": "36084f03f936d3a0b59934f4bf3ef70bc40bbf92",
        "type": "github"
      },
      "original": {
        "owner": "stasjok",
        "repo": "yaml-language-server",
        "rev": "36084f03f936d3a0b59934f4bf3ef70bc40bbf92",
        "type": "github"
      }
    }
  },
  "root": "root",
  "version": 7
}
