{
  "nodes": {
    "catppuccin": {
      "inputs": {
        "nixpkgs": [
          "nixpkgs"
        ]
      },
      "locked": {
        "lastModified": 1748080874,
        "narHash": "sha256-sUebEzAkrY8Aq5G0GHFyRddmRNGP/a2iTtV7ISNvi/c=",
        "owner": "catppuccin",
        "repo": "nix",
        "rev": "0ba11b12be81f0849a89ed17ab635164ea8f0112",
        "type": "github"
      },
      "original": {
        "owner": "catppuccin",
        "repo": "nix",
        "rev": "0ba11b12be81f0849a89ed17ab635164ea8f0112",
        "type": "github"
      }
    },
    "catppuccin-palette": {
      "flake": false,
      "locked": {
        "lastModified": 1742245182,
        "narHash": "sha256-R52Q1FVAclvBk7xNgj/Jl+GPCIbORNf6YbJ1nxH3Gzs=",
        "owner": "catppuccin",
        "repo": "palette",
        "rev": "0df7db6fe201b437d91e7288fa22807bb0e44701",
        "type": "github"
      },
      "original": {
        "owner": "catppuccin",
        "repo": "palette",
        "type": "github"
      }
    },
    "fix-auto-scroll-nvim": {
      "flake": false,
      "locked": {
        "lastModified": 1700694779,
        "narHash": "sha256-nJdkGwP9L/9Q547PuD0ZZmKvEAxr/59wMXlh8UgTomI=",
        "owner": "BranimirE",
        "repo": "fix-auto-scroll.nvim",
        "rev": "c211a42f4030c9ed03a1456919917cdf1a193bd9",
        "type": "github"
      },
      "original": {
        "owner": "BranimirE",
        "repo": "fix-auto-scroll.nvim",
        "type": "github"
      }
    },
    "flake-parts": {
      "inputs": {
        "nixpkgs-lib": [
          "nixvim",
          "nixpkgs"
        ]
      },
      "locked": {
        "lastModified": 1743550720,
        "narHash": "sha256-hIshGgKZCgWh6AYJpJmRgFdR3WUbkY04o82X05xqQiY=",
        "owner": "hercules-ci",
        "repo": "flake-parts",
        "rev": "c621e8422220273271f52058f618c94e405bb0f5",
        "type": "github"
      },
      "original": {
        "owner": "hercules-ci",
        "repo": "flake-parts",
        "type": "github"
      }
    },
    "home-manager": {
      "inputs": {
        "nixpkgs": [
          "nixpkgs"
        ]
      },
      "locked": {
        "lastModified": 1749154018,
        "narHash": "sha256-gjN3j7joRvT3a8Zgcylnd4NFsnXeDBumqiu4HmY1RIg=",
        "owner": "nix-community",
        "repo": "home-manager",
        "rev": "7aae0ee71a17b19708b93b3ed448a1a0952bf111",
        "type": "github"
      },
      "original": {
        "owner": "nix-community",
        "ref": "release-25.05",
        "repo": "home-manager",
        "type": "github"
      }
    },
    "mini-nvim": {
      "flake": false,
      "locked": {
        "lastModified": 1749281527,
        "narHash": "sha256-i7uCqdaapy1G+U4pwjNQAF8oKKVOlUARd5c/48oeXIM=",
        "owner": "stasjok",
        "repo": "mini.nvim",
        "rev": "01466d8ca8052be7a3b5eda5aaf1751c6a2a39aa",
        "type": "github"
      },
      "original": {
        "owner": "stasjok",
        "repo": "mini.nvim",
        "type": "github"
      }
    },
    "nixpkgs": {
      "locked": {
        "lastModified": 1749086602,
        "narHash": "sha256-DJcgJMekoxVesl9kKjfLPix2Nbr42i7cpEHJiTnBUwU=",
        "owner": "NixOS",
        "repo": "nixpkgs",
        "rev": "4792576cb003c994bd7cc1edada3129def20b27d",
        "type": "github"
      },
      "original": {
        "owner": "NixOS",
        "ref": "nixos-25.05",
        "repo": "nixpkgs",
        "type": "github"
      }
    },
    "nixvim": {
      "inputs": {
        "flake-parts": "flake-parts",
        "nixpkgs": [
          "nixpkgs"
        ],
        "nuschtosSearch": [],
        "systems": "systems"
      },
      "locked": {
        "lastModified": 1749205734,
        "narHash": "sha256-GSU6VdK0IY1ukFV/0BrlShkuMUdNm7BG0RNTVHG0Jyg=",
        "owner": "nix-community",
        "repo": "nixvim",
        "rev": "9a8a103ab2ce3bb2965a469a07d244277e68b56d",
        "type": "github"
      },
      "original": {
        "owner": "nix-community",
        "ref": "nixos-25.05",
        "repo": "nixvim",
        "type": "github"
      }
    },
    "root": {
      "inputs": {
        "catppuccin": "catppuccin",
        "catppuccin-palette": "catppuccin-palette",
        "fix-auto-scroll-nvim": "fix-auto-scroll-nvim",
        "home-manager": "home-manager",
        "mini-nvim": "mini-nvim",
        "nixpkgs": "nixpkgs",
        "nixvim": "nixvim",
        "smart-splits-nvim": "smart-splits-nvim",
        "surround-nvim": "surround-nvim",
        "tree-sitter-jinja2": "tree-sitter-jinja2",
        "vale-at-red-hat": "vale-at-red-hat",
        "vim-mediawiki": "vim-mediawiki",
        "yaml-language-server": "yaml-language-server"
      }
    },
    "smart-splits-nvim": {
      "flake": false,
      "locked": {
        "lastModified": 1708205259,
        "narHash": "sha256-S5I9nQcNGmjqZFn5jQkoG5Oh/mu8oSJpDZpAG07GytA=",
        "owner": "mrjones2014",
        "repo": "smart-splits.nvim",
        "rev": "159c4823e3a11c79bb65fc4b8560320c49f738f4",
        "type": "github"
      },
      "original": {
        "owner": "mrjones2014",
        "repo": "smart-splits.nvim",
        "rev": "159c4823e3a11c79bb65fc4b8560320c49f738f4",
        "type": "github"
      }
    },
    "surround-nvim": {
      "flake": false,
      "locked": {
        "lastModified": 1643684895,
        "narHash": "sha256-XXR/48pbeGwKifYrhtEyMsOCUxejuIla60q0fSYFgTc=",
        "owner": "ur4ltz",
        "repo": "surround.nvim",
        "rev": "549045828bbd9de0746b411a762fa8c382fb10ff",
        "type": "github"
      },
      "original": {
        "owner": "ur4ltz",
        "repo": "surround.nvim",
        "rev": "549045828bbd9de0746b411a762fa8c382fb10ff",
        "type": "github"
      }
    },
    "systems": {
      "locked": {
        "lastModified": 1681028828,
        "narHash": "sha256-Vy1rq5AaRuLzOxct8nz4T6wlgyUR7zLU309k9mBC768=",
        "owner": "nix-systems",
        "repo": "default",
        "rev": "da67096a3b9bf56a91d16901293e51ba5b49a27e",
        "type": "github"
      },
      "original": {
        "owner": "nix-systems",
        "repo": "default",
        "type": "github"
      }
    },
    "tree-sitter-jinja2": {
      "flake": false,
      "locked": {
        "lastModified": 1614858978,
        "narHash": "sha256-LhyWfhtS1M+5m3wVnlHkM7e0yAG+Cfb1iBS1QuslG/c=",
        "owner": "theHamsta",
        "repo": "tree-sitter-jinja2",
        "rev": "3fa73cd4a871bf88e95d61adc8e66e7fb09016a1",
        "type": "github"
      },
      "original": {
        "owner": "theHamsta",
        "repo": "tree-sitter-jinja2",
        "type": "github"
      }
    },
    "vale-at-red-hat": {
      "flake": false,
      "locked": {
        "lastModified": 1748961572,
        "narHash": "sha256-eg46LpDbtQxAwKsmlwVsKcjQo6Vc4AdG7D4nCwiX440=",
        "owner": "redhat-documentation",
        "repo": "vale-at-red-hat",
        "rev": "0d1cdf75aea416341dd1910b7bc211af09e3ac83",
        "type": "github"
      },
      "original": {
        "owner": "redhat-documentation",
        "repo": "vale-at-red-hat",
        "type": "github"
      }
    },
    "vim-mediawiki": {
      "flake": false,
      "locked": {
        "lastModified": 1729973244,
        "narHash": "sha256-NjTJURsiC1eZfrCkHFoqJOweflN6rPkdve17LYz0qtE=",
        "owner": "m-pilia",
        "repo": "vim-mediawiki",
        "rev": "39987c3b7b3af25e223454d28dcfa91605eb693a",
        "type": "github"
      },
      "original": {
        "owner": "m-pilia",
        "repo": "vim-mediawiki",
        "type": "github"
      }
    },
    "yaml-language-server": {
      "flake": false,
      "locked": {
        "lastModified": 1748081540,
        "narHash": "sha256-BIQHS2AWOAuxti2pqkRHd5F1tmTIvqCkcT1Pbrgb4NU=",
        "owner": "stasjok",
        "repo": "yaml-language-server",
        "rev": "dd09db98b965114a213662fc419aa4666a9b8d5d",
        "type": "github"
      },
      "original": {
        "owner": "stasjok",
        "ref": "custom-kube-schema-url",
        "repo": "yaml-language-server",
        "type": "github"
      }
    }
  },
  "root": "root",
  "version": 7
}
